
Microsoft Visual Studio Solution File, Format Version 11.00
# Visual Studio 2010
Project("{8BC9CEB8-8B4A-11D0-8D11-00A0C91BC942}") = "Example17", "Example17\Example17.vcxproj", "{4621AE31-6022-463D-9C59-14D85F828476}"
EndProject
Global
	GlobalSection(SolutionConfigurationPlatforms) = preSolution
		Debug|Win32 = Debug|Win32
		Release|Win32 = Release|Win32
	EndGlobalSection
	GlobalSection(ProjectConfigurationPlatforms) = postSolution
		{4621AE31-6022-463D-9C59-14D85F828476}.Debug|Win32.ActiveCfg = Debug|Win32
		{4621AE31-6022-463D-9C59-14D85F828476}.Debug|Win32.Build.0 = Debug|Win32
		{4621AE31-6022-463D-9C59-14D85F828476}.Release|Win32.ActiveCfg = Release|Win32
		{4621AE31-6022-463D-9C59-14D85F828476}.Release|Win32.Build.0 = Release|Win32
	EndGlobalSection
	GlobalSection(SolutionProperties) = preSolution
		HideSolutionNode = FALSE
	EndGlobalSection
EndGlobal
