
Microsoft Visual Studio Solution File, Format Version 11.00
# Visual Studio 2010
Project("{8BC9CEB8-8B4A-11D0-8D11-00A0C91BC942}") = "Example21", "Example21\Example21.vcxproj", "{CEE237B2-A6FA-4340-A309-A0AE99F76CC0}"
EndProject
Global
	GlobalSection(SolutionConfigurationPlatforms) = preSolution
		Debug|Win32 = Debug|Win32
		Release|Win32 = Release|Win32
	EndGlobalSection
	GlobalSection(ProjectConfigurationPlatforms) = postSolution
		{CEE237B2-A6FA-4340-A309-A0AE99F76CC0}.Debug|Win32.ActiveCfg = Debug|Win32
		{CEE237B2-A6FA-4340-A309-A0AE99F76CC0}.Debug|Win32.Build.0 = Debug|Win32
		{CEE237B2-A6FA-4340-A309-A0AE99F76CC0}.Release|Win32.ActiveCfg = Release|Win32
		{CEE237B2-A6FA-4340-A309-A0AE99F76CC0}.Release|Win32.Build.0 = Release|Win32
	EndGlobalSection
	GlobalSection(SolutionProperties) = preSolution
		HideSolutionNode = FALSE
	EndGlobalSection
EndGlobal
