
Microsoft Visual Studio Solution File, Format Version 11.00
# Visual Studio 2010
Project("{8BC9CEB8-8B4A-11D0-8D11-00A0C91BC942}") = "convert", "convert\convert.vcxproj", "{DD6074FC-3BD9-4370-8647-7FED4FA322BF}"
EndProject
Global
	GlobalSection(SolutionConfigurationPlatforms) = preSolution
		Debug|Win32 = Debug|Win32
		Release|Win32 = Release|Win32
	EndGlobalSection
	GlobalSection(ProjectConfigurationPlatforms) = postSolution
		{DD6074FC-3BD9-4370-8647-7FED4FA322BF}.Debug|Win32.ActiveCfg = Debug|Win32
		{DD6074FC-3BD9-4370-8647-7FED4FA322BF}.Debug|Win32.Build.0 = Debug|Win32
		{DD6074FC-3BD9-4370-8647-7FED4FA322BF}.Release|Win32.ActiveCfg = Release|Win32
		{DD6074FC-3BD9-4370-8647-7FED4FA322BF}.Release|Win32.Build.0 = Release|Win32
	EndGlobalSection
	GlobalSection(SolutionProperties) = preSolution
		HideSolutionNode = FALSE
	EndGlobalSection
EndGlobal
